
Microsoft Visual Studio Solution File, Format Version 12.00
# Visual Studio Version 16
VisualStudioVersion = 16.0.30011.22
MinimumVisualStudioVersion = 10.0.40219.1
Project("{2150E333-8FDC-42A3-9474-1A3956D46DE8}") = "Blog", "Blog", "{1CC9E621-BBC5-403A-ACDE-DB16D69A67B4}"
EndProject
Project("{9A19103F-16F7-4668-BE54-9A1E7A4F7556}") = "Mango.Service.Blog", "Blog\Mango.Service.Blog\Mango.Service.Blog.csproj", "{63461A7C-AE3A-4696-982F-0AE1E03D5CF7}"
EndProject
Project("{9A19103F-16F7-4668-BE54-9A1E7A4F7556}") = "Mango.Service.Blog.Abstractions", "Blog\Mango.Service.Blog.Abstractions\Mango.Service.Blog.Abstractions.csproj", "{3AB3A435-870C-4659-9FE5-1B91CDF91D89}"
EndProject
Project("{2150E333-8FDC-42A3-9474-1A3956D46DE8}") = "UserCenter", "UserCenter", "{DD638889-A694-4A4A-9E84-27D2C646349F}"
EndProject
Project("{9A19103F-16F7-4668-BE54-9A1E7A4F7556}") = "Mango.Service.UserCenter.Abstraction", "UserCenter\Mango.Service.UserCenter.Abstraction\Mango.Service.UserCenter.Abstraction.csproj", "{F79474E4-DC81-4F2F-8BB2-3A1F613F5ADD}"
EndProject
Project("{9A19103F-16F7-4668-BE54-9A1E7A4F7556}") = "Mango.Service.UserCenter", "UserCenter\Mango.Service.UserCenter\Mango.Service.UserCenter.csproj", "{0B22523F-A8AB-4416-81CB-2685C8649191}"
EndProject
Project("{2150E333-8FDC-42A3-9474-1A3956D46DE8}") = "ConfigCenter", "ConfigCenter", "{FE01D550-163B-46CF-985F-204675B8016F}"
EndProject
Project("{9A19103F-16F7-4668-BE54-9A1E7A4F7556}") = "Mango.Service.ConfigCenter.Abstraction", "ConfigCenter\Mango.Service.ConfigCenter.Abstraction\Mango.Service.ConfigCenter.Abstraction.csproj", "{B926F1D4-056E-452E-962C-561603B57B9B}"
EndProject
Project("{9A19103F-16F7-4668-BE54-9A1E7A4F7556}") = "Mango.Service.ConfigCenter", "ConfigCenter\Mango.Service.ConfigCenter\Mango.Service.ConfigCenter.csproj", "{9C8DE485-28AC-4C01-A7B2-06A843C1984F}"
EndProject
Project("{9A19103F-16F7-4668-BE54-9A1E7A4F7556}") = "Mango.Service.Blog.Test", "Blog\Mango.Service.Blog.Test\Mango.Service.Blog.Test.csproj", "{3AC43157-DE09-4AB0-A62E-0D479BCF7531}"
EndProject
Project("{2150E333-8FDC-42A3-9474-1A3956D46DE8}") = "OpenSource", "OpenSource", "{1C3258F0-0C66-4329-A7F8-AB55ACE5228A}"
EndProject
Project("{9A19103F-16F7-4668-BE54-9A1E7A4F7556}") = "Mango.Service.OpenSource.Domain", "OpenSource\Mango.Service.OpenSource.Domain\Mango.Service.OpenSource.Domain.csproj", "{95C6593A-1BD3-4B65-A16B-BF17AA3FC4D4}"
EndProject
Project("{9A19103F-16F7-4668-BE54-9A1E7A4F7556}") = "Mango.Service.OpenSource.Infrastructure", "OpenSource\Mango.Service.OpenSource.Infrastructure\Mango.Service.OpenSource.Infrastructure.csproj", "{BFED3841-0AAF-418E-8CF8-282C0AB35048}"
EndProject
Project("{9A19103F-16F7-4668-BE54-9A1E7A4F7556}") = "Mango.Service.OpenSource.Api", "OpenSource\Mango.Service.OpenSource.Api\Mango.Service.OpenSource.Api.csproj", "{99823AD6-7CF5-4202-BD9F-2B6D5833D5DC}"
EndProject
Project("{2150E333-8FDC-42A3-9474-1A3956D46DE8}") = "Infrastructure", "Infrastructure", "{68FD4353-71CF-4533-8464-1FF3EEF1F5CC}"
EndProject
Project("{9A19103F-16F7-4668-BE54-9A1E7A4F7556}") = "Mango.Service.Infrastructure", "Infrastructure\Mango.Service.Infrastructure\Mango.Service.Infrastructure.csproj", "{61CCA675-45A0-406D-BE6E-EF4F324A6453}"
EndProject
Project("{9A19103F-16F7-4668-BE54-9A1E7A4F7556}") = "Mango.Service.OpenSource.Test", "OpenSource\Mango.Service.OpenSource.Test\Mango.Service.OpenSource.Test.csproj", "{26B1A32F-7A26-447C-8B9B-95DA23717365}"
EndProject
Project("{9A19103F-16F7-4668-BE54-9A1E7A4F7556}") = "Mango.Service.Blog.Domain", "Blog\Mango.Service.Blog.Domain\Mango.Service.Blog.Domain.csproj", "{8BDC9032-2169-4848-B5B1-9A33B2575BA0}"
EndProject
Project("{FAE04EC0-301F-11D3-BF4B-00C04F79EFBC}") = "Mango.Service.Blog.Infrastructure", "Blog\Mango.Service.Blog.Infrastructure\Mango.Service.Blog.Infrastructure.csproj", "{7502175B-7B4A-4E2C-B75F-2A8419A153C9}"
EndProject
Global
	GlobalSection(SolutionConfigurationPlatforms) = preSolution
		Debug|Any CPU = Debug|Any CPU
		Release|Any CPU = Release|Any CPU
	EndGlobalSection
	GlobalSection(ProjectConfigurationPlatforms) = postSolution
		{63461A7C-AE3A-4696-982F-0AE1E03D5CF7}.Debug|Any CPU.ActiveCfg = Debug|Any CPU
		{63461A7C-AE3A-4696-982F-0AE1E03D5CF7}.Debug|Any CPU.Build.0 = Debug|Any CPU
		{63461A7C-AE3A-4696-982F-0AE1E03D5CF7}.Release|Any CPU.ActiveCfg = Release|Any CPU
		{63461A7C-AE3A-4696-982F-0AE1E03D5CF7}.Release|Any CPU.Build.0 = Release|Any CPU
		{3AB3A435-870C-4659-9FE5-1B91CDF91D89}.Debug|Any CPU.ActiveCfg = Debug|Any CPU
		{3AB3A435-870C-4659-9FE5-1B91CDF91D89}.Debug|Any CPU.Build.0 = Debug|Any CPU
		{3AB3A435-870C-4659-9FE5-1B91CDF91D89}.Release|Any CPU.ActiveCfg = Release|Any CPU
		{3AB3A435-870C-4659-9FE5-1B91CDF91D89}.Release|Any CPU.Build.0 = Release|Any CPU
		{F79474E4-DC81-4F2F-8BB2-3A1F613F5ADD}.Debug|Any CPU.ActiveCfg = Debug|Any CPU
		{F79474E4-DC81-4F2F-8BB2-3A1F613F5ADD}.Debug|Any CPU.Build.0 = Debug|Any CPU
		{F79474E4-DC81-4F2F-8BB2-3A1F613F5ADD}.Release|Any CPU.ActiveCfg = Release|Any CPU
		{F79474E4-DC81-4F2F-8BB2-3A1F613F5ADD}.Release|Any CPU.Build.0 = Release|Any CPU
		{0B22523F-A8AB-4416-81CB-2685C8649191}.Debug|Any CPU.ActiveCfg = Debug|Any CPU
		{0B22523F-A8AB-4416-81CB-2685C8649191}.Debug|Any CPU.Build.0 = Debug|Any CPU
		{0B22523F-A8AB-4416-81CB-2685C8649191}.Release|Any CPU.ActiveCfg = Release|Any CPU
		{0B22523F-A8AB-4416-81CB-2685C8649191}.Release|Any CPU.Build.0 = Release|Any CPU
		{B926F1D4-056E-452E-962C-561603B57B9B}.Debug|Any CPU.ActiveCfg = Debug|Any CPU
		{B926F1D4-056E-452E-962C-561603B57B9B}.Debug|Any CPU.Build.0 = Debug|Any CPU
		{B926F1D4-056E-452E-962C-561603B57B9B}.Release|Any CPU.ActiveCfg = Release|Any CPU
		{B926F1D4-056E-452E-962C-561603B57B9B}.Release|Any CPU.Build.0 = Release|Any CPU
		{9C8DE485-28AC-4C01-A7B2-06A843C1984F}.Debug|Any CPU.ActiveCfg = Debug|Any CPU
		{9C8DE485-28AC-4C01-A7B2-06A843C1984F}.Debug|Any CPU.Build.0 = Debug|Any CPU
		{9C8DE485-28AC-4C01-A7B2-06A843C1984F}.Release|Any CPU.ActiveCfg = Release|Any CPU
		{9C8DE485-28AC-4C01-A7B2-06A843C1984F}.Release|Any CPU.Build.0 = Release|Any CPU
		{3AC43157-DE09-4AB0-A62E-0D479BCF7531}.Debug|Any CPU.ActiveCfg = Debug|Any CPU
		{3AC43157-DE09-4AB0-A62E-0D479BCF7531}.Debug|Any CPU.Build.0 = Debug|Any CPU
		{3AC43157-DE09-4AB0-A62E-0D479BCF7531}.Release|Any CPU.ActiveCfg = Release|Any CPU
		{3AC43157-DE09-4AB0-A62E-0D479BCF7531}.Release|Any CPU.Build.0 = Release|Any CPU
		{95C6593A-1BD3-4B65-A16B-BF17AA3FC4D4}.Debug|Any CPU.ActiveCfg = Debug|Any CPU
		{95C6593A-1BD3-4B65-A16B-BF17AA3FC4D4}.Debug|Any CPU.Build.0 = Debug|Any CPU
		{95C6593A-1BD3-4B65-A16B-BF17AA3FC4D4}.Release|Any CPU.ActiveCfg = Release|Any CPU
		{95C6593A-1BD3-4B65-A16B-BF17AA3FC4D4}.Release|Any CPU.Build.0 = Release|Any CPU
		{BFED3841-0AAF-418E-8CF8-282C0AB35048}.Debug|Any CPU.ActiveCfg = Debug|Any CPU
		{BFED3841-0AAF-418E-8CF8-282C0AB35048}.Debug|Any CPU.Build.0 = Debug|Any CPU
		{BFED3841-0AAF-418E-8CF8-282C0AB35048}.Release|Any CPU.ActiveCfg = Release|Any CPU
		{BFED3841-0AAF-418E-8CF8-282C0AB35048}.Release|Any CPU.Build.0 = Release|Any CPU
		{99823AD6-7CF5-4202-BD9F-2B6D5833D5DC}.Debug|Any CPU.ActiveCfg = Debug|Any CPU
		{99823AD6-7CF5-4202-BD9F-2B6D5833D5DC}.Debug|Any CPU.Build.0 = Debug|Any CPU
		{99823AD6-7CF5-4202-BD9F-2B6D5833D5DC}.Release|Any CPU.ActiveCfg = Release|Any CPU
		{99823AD6-7CF5-4202-BD9F-2B6D5833D5DC}.Release|Any CPU.Build.0 = Release|Any CPU
		{61CCA675-45A0-406D-BE6E-EF4F324A6453}.Debug|Any CPU.ActiveCfg = Debug|Any CPU
		{61CCA675-45A0-406D-BE6E-EF4F324A6453}.Debug|Any CPU.Build.0 = Debug|Any CPU
		{61CCA675-45A0-406D-BE6E-EF4F324A6453}.Release|Any CPU.ActiveCfg = Release|Any CPU
		{61CCA675-45A0-406D-BE6E-EF4F324A6453}.Release|Any CPU.Build.0 = Release|Any CPU
		{26B1A32F-7A26-447C-8B9B-95DA23717365}.Debug|Any CPU.ActiveCfg = Debug|Any CPU
		{26B1A32F-7A26-447C-8B9B-95DA23717365}.Debug|Any CPU.Build.0 = Debug|Any CPU
		{26B1A32F-7A26-447C-8B9B-95DA23717365}.Release|Any CPU.ActiveCfg = Release|Any CPU
		{26B1A32F-7A26-447C-8B9B-95DA23717365}.Release|Any CPU.Build.0 = Release|Any CPU
		{8BDC9032-2169-4848-B5B1-9A33B2575BA0}.Debug|Any CPU.ActiveCfg = Debug|Any CPU
		{8BDC9032-2169-4848-B5B1-9A33B2575BA0}.Debug|Any CPU.Build.0 = Debug|Any CPU
		{8BDC9032-2169-4848-B5B1-9A33B2575BA0}.Release|Any CPU.ActiveCfg = Release|Any CPU
		{8BDC9032-2169-4848-B5B1-9A33B2575BA0}.Release|Any CPU.Build.0 = Release|Any CPU
		{7502175B-7B4A-4E2C-B75F-2A8419A153C9}.Debug|Any CPU.ActiveCfg = Debug|Any CPU
		{7502175B-7B4A-4E2C-B75F-2A8419A153C9}.Debug|Any CPU.Build.0 = Debug|Any CPU
		{7502175B-7B4A-4E2C-B75F-2A8419A153C9}.Release|Any CPU.ActiveCfg = Release|Any CPU
		{7502175B-7B4A-4E2C-B75F-2A8419A153C9}.Release|Any CPU.Build.0 = Release|Any CPU
	EndGlobalSection
	GlobalSection(SolutionProperties) = preSolution
		HideSolutionNode = FALSE
	EndGlobalSection
	GlobalSection(NestedProjects) = preSolution
		{63461A7C-AE3A-4696-982F-0AE1E03D5CF7} = {1CC9E621-BBC5-403A-ACDE-DB16D69A67B4}
		{3AB3A435-870C-4659-9FE5-1B91CDF91D89} = {1CC9E621-BBC5-403A-ACDE-DB16D69A67B4}
		{F79474E4-DC81-4F2F-8BB2-3A1F613F5ADD} = {DD638889-A694-4A4A-9E84-27D2C646349F}
		{0B22523F-A8AB-4416-81CB-2685C8649191} = {DD638889-A694-4A4A-9E84-27D2C646349F}
		{B926F1D4-056E-452E-962C-561603B57B9B} = {FE01D550-163B-46CF-985F-204675B8016F}
		{9C8DE485-28AC-4C01-A7B2-06A843C1984F} = {FE01D550-163B-46CF-985F-204675B8016F}
		{3AC43157-DE09-4AB0-A62E-0D479BCF7531} = {1CC9E621-BBC5-403A-ACDE-DB16D69A67B4}
		{95C6593A-1BD3-4B65-A16B-BF17AA3FC4D4} = {1C3258F0-0C66-4329-A7F8-AB55ACE5228A}
		{BFED3841-0AAF-418E-8CF8-282C0AB35048} = {1C3258F0-0C66-4329-A7F8-AB55ACE5228A}
		{99823AD6-7CF5-4202-BD9F-2B6D5833D5DC} = {1C3258F0-0C66-4329-A7F8-AB55ACE5228A}
		{61CCA675-45A0-406D-BE6E-EF4F324A6453} = {68FD4353-71CF-4533-8464-1FF3EEF1F5CC}
		{26B1A32F-7A26-447C-8B9B-95DA23717365} = {1C3258F0-0C66-4329-A7F8-AB55ACE5228A}
		{8BDC9032-2169-4848-B5B1-9A33B2575BA0} = {1CC9E621-BBC5-403A-ACDE-DB16D69A67B4}
		{7502175B-7B4A-4E2C-B75F-2A8419A153C9} = {1CC9E621-BBC5-403A-ACDE-DB16D69A67B4}
	EndGlobalSection
	GlobalSection(ExtensibilityGlobals) = postSolution
		SolutionGuid = {186A46B2-AF5A-42FE-AD51-FBCF1955E43F}
	EndGlobalSection
EndGlobal
